{
  "version": 4,
  "terraform_version": "1.11.3",
  "serial": 5,
  "lineage": "17492f7c-b740-f6da-9505-6c1fb00ce7b5",
  "outputs": {},
  "resources": [
    {
      "mode": "managed",
      "type": "helm_release",
      "name": "cert-manager",
      "provider": "provider[\"registry.terraform.io/hashicorp/helm\"]",
      "instances": [
        {
          "schema_version": 1,
          "attributes": {
            "atomic": false,
            "chart": "cert-manager",
            "cleanup_on_fail": false,
            "create_namespace": true,
            "dependency_update": false,
            "description": null,
            "devel": null,
            "disable_crd_hooks": false,
            "disable_openapi_validation": false,
            "disable_webhooks": false,
            "force_update": false,
            "id": "cert-manager",
            "keyring": null,
            "lint": false,
            "manifest": null,
            "max_history": 0,
            "metadata": [
              {
                "app_version": "v1.18.2",
                "chart": "cert-manager",
                "first_deployed": 1752967684,
                "last_deployed": 1752967684,
                "name": "cert-manager",
                "namespace": "cert-manager",
                "notes": "\n⚠️  WARNING: New default private key rotation policy for Certificate resources.\nThe default private key rotation policy for Certificate resources was\nchanged to `Always` in cert-manager \u003e= v1.18.0.\nLearn more in the [1.18 release notes](https://cert-manager.io/docs/releases/release-notes/release-notes-1.18).\n\ncert-manager v1.18.2 has been deployed successfully!\n\nIn order to begin issuing certificates, you will need to set up a ClusterIssuer\nor Issuer resource (for example, by creating a 'letsencrypt-staging' issuer).\n\nMore information on the different types of issuers and how to configure them\ncan be found in our documentation:\n\nhttps://cert-manager.io/docs/configuration/\n\nFor information on how to configure cert-manager to automatically provision\nCertificates for Ingress resources, take a look at the `ingress-shim`\ndocumentation:\n\nhttps://cert-manager.io/docs/usage/ingress/\n",
                "revision": 1,
                "values": "{\"crds\":{\"enabled\":true},\"global\":{\"leaderElection\":{\"namespace\":\"cert-manager\"}},\"namespace\":\"cert-manager\",\"replicaCount\":4}",
                "version": "v1.18.2"
              }
            ],
            "name": "cert-manager",
            "namespace": "cert-manager",
            "pass_credentials": false,
            "postrender": [],
            "recreate_pods": false,
            "render_subchart_notes": true,
            "replace": false,
            "repository": "https://charts.jetstack.io",
            "repository_ca_file": null,
            "repository_cert_file": null,
            "repository_key_file": null,
            "repository_password": null,
            "repository_username": null,
            "reset_values": false,
            "reuse_values": false,
            "set": [],
            "set_list": [],
            "set_sensitive": [],
            "skip_crds": false,
            "status": "deployed",
            "timeout": 300,
            "upgrade_install": null,
            "values": [
              "crds:\n  enabled: true\n\nnamespace: \"cert-manager\"\n\nglobal:\n  leaderElection:\n    namespace: \"cert-manager\"\n\nreplicaCount: 4\n"
            ],
            "verify": false,
            "version": "v1.18.2",
            "wait": true,
            "wait_for_jobs": false
          },
          "sensitive_attributes": [
            [
              {
                "type": "get_attr",
                "value": "repository_password"
              }
            ]
          ],
          "private": "eyJzY2hlbWFfdmVyc2lvbiI6IjEifQ=="
        }
      ]
    },
    {
      "mode": "managed",
      "type": "helm_release",
      "name": "eck-operator",
      "provider": "provider[\"registry.terraform.io/hashicorp/helm\"]",
      "instances": [
        {
          "schema_version": 1,
          "attributes": {
            "atomic": false,
            "chart": "eck-operator",
            "cleanup_on_fail": false,
            "create_namespace": true,
            "dependency_update": false,
            "description": null,
            "devel": null,
            "disable_crd_hooks": false,
            "disable_openapi_validation": false,
            "disable_webhooks": false,
            "force_update": false,
            "id": "elastic-operator",
            "keyring": null,
            "lint": false,
            "manifest": null,
            "max_history": 0,
            "metadata": [
              {
                "app_version": "2.10.0",
                "chart": "eck-operator",
                "first_deployed": 1752969114,
                "last_deployed": 1752969114,
                "name": "elastic-operator",
                "namespace": "elastic-system",
                "notes": "1. Inspect the operator logs by running the following command:\n   kubectl logs -n elastic-system sts/elastic-operator\n",
                "revision": 1,
                "values": "{\"config\":{\"elasticsearchClientTimeout\":\"180s\",\"logVerbosity\":0,\"validateStorageClass\":false},\"createClusterScopedResources\":false,\"global\":{\"createOperatorNamespace\":false},\"installCRDs\":false,\"managedNamespaces\":[],\"podAnnotations\":{\"traffic.sidecar.istio.io/excludeInboundPorts\":\"9443\",\"traffic.sidecar.istio.io/includeInboundPorts\":\"*\"},\"refs\":{\"enforceRBAC\":false},\"replicaCount\":1,\"resources\":{\"requests\":{\"cpu\":\"500m\",\"memory\":\"512Mi\"}},\"webhook\":{\"enabled\":false}}",
                "version": "2.10.0"
              }
            ],
            "name": "elastic-operator",
            "namespace": "elastic-system",
            "pass_credentials": false,
            "postrender": [],
            "recreate_pods": false,
            "render_subchart_notes": true,
            "replace": false,
            "repository": "https://helm.elastic.co",
            "repository_ca_file": null,
            "repository_cert_file": null,
            "repository_key_file": null,
            "repository_password": null,
            "repository_username": null,
            "reset_values": false,
            "reuse_values": false,
            "set": [],
            "set_list": [],
            "set_sensitive": [],
            "skip_crds": false,
            "status": "deployed",
            "timeout": 300,
            "upgrade_install": null,
            "values": [
              "---\n# set ECK Operator configuration options\n# ref. https://artifacthub.io/packages/helm/elastic/eck-operator/2.10.0?modal=values\nmanagedNamespaces: []\n\n# installCRDs determines whether Custom Resource Definitions (CRD) are installed by the chart.\n# Note that CRDs are global resources and require cluster admin privileges to install.\n# If you are sharing a cluster with other users who may want to install ECK on their own namespaces, setting this to true can have unintended consequences.\n# 1. Upgrades will overwrite the global CRDs and could disrupt the other users of ECK who may be running a different version.\n# 2. Uninstalling the chart will delete the CRDs and potentially cause Elastic resources deployed by other users to be removed as well.  \ninstallCRDs: false\n\n# To make the validating webhook work under istio, we need to exclude the inbound port 9443 from being proxied.\n# ref. https://www.elastic.co/guide/en/cloud-on-k8s/2.10/k8s-service-mesh-istio.html\npodAnnotations:\n  traffic.sidecar.istio.io/excludeInboundPorts: \"9443\"\n  traffic.sidecar.istio.io/includeInboundPorts: \"*\"\n\nreplicaCount: 1\n\nresources:\n  requests:\n    cpu: \"500m\"\n    memory: \"512Mi\"\n\n# createClusterScopedResources determines whether cluster-scoped resources (ClusterRoles, ClusterRoleBindings) should be created.\ncreateClusterScopedResources: false\n\nrefs:\n  enforceRBAC: false\n\n# Webhook cannot be enabled when cluster-scoped resource creation is disabled.\nwebhook:\n  enabled: false\n\nconfig:\n  logVerbosity: 0\n  elasticsearchClientTimeout: \"180s\"\n  # Storage class validation cannot be enabled when cluster-scoped resource creation is disabled\n  validateStorageClass: false\n\nglobal:\n  createOperatorNamespace: false\n"
            ],
            "verify": false,
            "version": "2.10.0",
            "wait": true,
            "wait_for_jobs": false
          },
          "sensitive_attributes": [
            [
              {
                "type": "get_attr",
                "value": "repository_password"
              }
            ]
          ],
          "private": "eyJzY2hlbWFfdmVyc2lvbiI6IjEifQ=="
        }
      ]
    }
  ],
  "check_results": null
}
